// !$*UTF8*$!
{
	archiveVersion = 1;
	classes = {
	};
	objectVersion = 50;
	objects = {

/* Begin PBXBuildFile section */
		88D0427B269FCD3A00C6B512 /* AppDelegate.swift in Sources */ = {isa = PBXBuildFile; fileRef = 88D0427A269FCD3A00C6B512 /* AppDelegate.swift */; };
		88D0427D269FCD3A00C6B512 /* SceneDelegate.swift in Sources */ = {isa = PBXBuildFile; fileRef = 88D0427C269FCD3A00C6B512 /* SceneDelegate.swift */; };
		88D0427F269FCD3A00C6B512 /* ViewController.swift in Sources */ = {isa = PBXBuildFile; fileRef = 88D0427E269FCD3A00C6B512 /* ViewController.swift */; };
		88D04282269FCD3B00C6B512 /* Main.storyboard in Resources */ = {isa = PBXBuildFile; fileRef = 88D04280269FCD3B00C6B512 /* Main.storyboard */; };
		88D04284269FCD3B00C6B512 /* Assets.xcassets in Resources */ = {isa = PBXBuildFile; fileRef = 88D04283269FCD3B00C6B512 /* Assets.xcassets */; };
		88D04287269FCD3B00C6B512 /* LaunchScreen.storyboard in Resources */ = {isa = PBXBuildFile; fileRef = 88D04285269FCD3B00C6B512 /* LaunchScreen.storyboard */; };
/* End PBXBuildFile section */

/* Begin PBXFileReference section */
		88D04277269FCD3A00C6B512 /* Lesson2 Bonus.app */ = {isa = PBXFileReference; explicitFileType = wrapper.application; includeInIndex = 0; path = "Lesson2 Bonus.app"; sourceTree = BUILT_PRODUCTS_DIR; };
		88D0427A269FCD3A00C6B512 /* AppDelegate.swift */ = {isa = PBXFileReference; lastKnownFileType = sourcecode.swift; path = AppDelegate.swift; sourceTree = "<group>"; };
		88D0427C269FCD3A00C6B512 /* SceneDelegate.swift */ = {isa = PBXFileReference; lastKnownFileType = sourcecode.swift; path = SceneDelegate.swift; sourceTree = "<group>"; };
		88D0427E269FCD3A00C6B512 /* ViewController.swift */ = {isa = PBXFileReference; lastKnownFileType = sourcecode.swift; path = ViewController.swift; sourceTree = "<group>"; };
		88D04281269FCD3B00C6B512 /* Base */ = {isa = PBXFileReference; lastKnownFileType = file.storyboard; name = Base; path = Base.lproj/Main.storyboard; sourceTree = "<group>"; };
		88D04283269FCD3B00C6B512 /* Assets.xcassets */ = {isa = PBXFileReference; lastKnownFileType = folder.assetcatalog; path = Assets.xcassets; sourceTree = "<group>"; };
		88D04286269FCD3B00C6B512 /* Base */ = {isa = PBXFileReference; lastKnownFileType = file.storyboard; name = Base; path = Base.lproj/LaunchScreen.storyboard; sourceTree = "<group>"; };
		88D04288269FCD3B00C6B512 /* Info.plist */ = {isa = PBXFileReference; lastKnownFileType = text.plist.xml; path = Info.plist; sourceTree = "<group>"; };
/* End PBXFileReference section */

/* Begin PBXFrameworksBuildPhase section */
		88D04274269FCD3A00C6B512 /* Frameworks */ = {
			isa = PBXFrameworksBuildPhase;
			buildActionMask = 2147483647;
			files = (
			);
			runOnlyForDeploymentPostprocessing = 0;
		};
/* End PBXFrameworksBuildPhase section */

/* Begin PBXGroup section */
		88D0426E269FCD3A00C6B512 = {
			isa = PBXGroup;
			children = (
				88D04279269FCD3A00C6B512 /* Lesson2 Bonus */,
				88D04278269FCD3A00C6B512 /* Products */,
			);
			sourceTree = "<group>";
		};
		88D04278269FCD3A00C6B512 /* Products */ = {
			isa = PBXGroup;
			children = (
				88D04277269FCD3A00C6B512 /* Lesson2 Bonus.app */,
			);
			name = Products;
			sourceTree = "<group>";
		};
		88D04279269FCD3A00C6B512 /* Lesson2 Bonus */ = {
			isa = PBXGroup;
			children = (
				88D0427A269FCD3A00C6B512 /* AppDelegate.swift */,
				88D0427C269FCD3A00C6B512 /* SceneDelegate.swift */,
				88D0427E269FCD3A00C6B512 /* ViewController.swift */,
				88D04280269FCD3B00C6B512 /* Main.storyboard */,
				88D04283269FCD3B00C6B512 /* Assets.xcassets */,
				88D04285269FCD3B00C6B512 /* LaunchScreen.storyboard */,
				88D04288269FCD3B00C6B512 /* Info.plist */,
			);
			path = "Lesson2 Bonus";
			sourceTree = "<group>";
		};
/* End PBXGroup section */

/* Begin PBXNativeTarget section */
		88D04276269FCD3A00C6B512 /* Lesson2 Bonus */ = {
			isa = PBXNativeTarget;
			buildConfigurationList = 88D0428B269FCD3B00C6B512 /* Build configuration list for PBXNativeTarget "Lesson2 Bonus" */;
			buildPhases = (
				88D04273269FCD3A00C6B512 /* Sources */,
				88D04274269FCD3A00C6B512 /* Frameworks */,
				88D04275269FCD3A00C6B512 /* Resources */,
			);
			buildRules = (
			);
			dependencies = (
			);
			name = "Lesson2 Bonus";
			productName = "Lesson2 Bonus";
			productReference = 88D04277269FCD3A00C6B512 /* Lesson2 Bonus.app */;
			productType = "com.apple.product-type.application";
		};
/* End PBXNativeTarget section */

/* Begin PBXProject section */
		88D0426F269FCD3A00C6B512 /* Project object */ = {
			isa = PBXProject;
			attributes = {
				LastSwiftUpdateCheck = 1250;
				LastUpgradeCheck = 1250;
				TargetAttributes = {
					88D04276269FCD3A00C6B512 = {
						CreatedOnToolsVersion = 12.5.1;
					};
				};
			};
			buildConfigurationList = 88D04272269FCD3A00C6B512 /* Build configuration list for PBXProject "Lesson2 Bonus" */;
			compatibilityVersion = "Xcode 9.3";
			developmentRegion = en;
			hasScannedForEncodings = 0;
			knownRegions = (
				en,
				Base,
			);
			mainGroup = 88D0426E269FCD3A00C6B512;
			productRefGroup = 88D04278269FCD3A00C6B512 /* Products */;
			projectDirPath = "";
			projectRoot = "";
			targets = (
				88D04276269FCD3A00C6B512 /* Lesson2 Bonus */,
			);
		};
/* End PBXProject section */

/* Begin PBXResourcesBuildPhase section */
		88D04275269FCD3A00C6B512 /* Resources */ = {
			isa = PBXResourcesBuildPhase;
			buildActionMask = 2147483647;
			files = (
				88D04287269FCD3B00C6B512 /* LaunchScreen.storyboard in Resources */,
				88D04284269FCD3B00C6B512 /* Assets.xcassets in Resources */,
				88D04282269FCD3B00C6B512 /* Main.storyboard in Resources */,
			);
			runOnlyForDeploymentPostprocessing = 0;
		};
/* End PBXResourcesBuildPhase section */

/* Begin PBXSourcesBuildPhase section */
		88D04273269FCD3A00C6B512 /* Sources */ = {
			isa = PBXSourcesBuildPhase;
			buildActionMask = 2147483647;
			files = (
				88D0427F269FCD3A00C6B512 /* ViewController.swift in Sources */,
				88D0427B269FCD3A00C6B512 /* AppDelegate.swift in Sources */,
				88D0427D269FCD3A00C6B512 /* SceneDelegate.swift in Sources */,
			);
			runOnlyForDeploymentPostprocessing = 0;
		};
/* End PBXSourcesBuildPhase section */

/* Begin PBXVariantGroup section */
		88D04280269FCD3B00C6B512 /* Main.storyboard */ = {
			isa = PBXVariantGroup;
			children = (
				88D04281269FCD3B00C6B512 /* Base */,
			);
			name = Main.storyboard;
			sourceTree = "<group>";
		};
		88D04285269FCD3B00C6B512 /* LaunchScreen.storyboard */ = {
			isa = PBXVariantGroup;
			children = (
				88D04286269FCD3B00C6B512 /* Base */,
			);
			name = LaunchScreen.storyboard;
			sourceTree = "<group>";
		};
/* End PBXVariantGroup section */

/* Begin XCBuildConfiguration section */
		88D04289269FCD3B00C6B512 /* Debug */ = {
			isa = XCBuildConfiguration;
			buildSettings = {
				ALWAYS_SEARCH_USER_PATHS = NO;
				CLANG_ANALYZER_NONNULL = YES;
				CLANG_ANALYZER_NUMBER_OBJECT_CONVERSION = YES_AGGRESSIVE;
				CLANG_CXX_LANGUAGE_STANDARD = "gnu++14";
				CLANG_CXX_LIBRARY = "libc++";
				CLANG_ENABLE_MODULES = YES;
				CLANG_ENABLE_OBJC_ARC = YES;
				CLANG_ENABLE_OBJC_WEAK = YES;
				CLANG_WARN_BLOCK_CAPTURE_AUTORELEASING = YES;
				CLANG_WARN_BOOL_CONVERSION = YES;
				CLANG_WARN_COMMA = YES;
				CLANG_WARN_CONSTANT_CONVERSION = YES;
				CLANG_WARN_DEPRECATED_OBJC_IMPLEMENTATIONS = YES;
				CLANG_WARN_DIRECT_OBJC_ISA_USAGE = YES_ERROR;
				CLANG_WARN_DOCUMENTATION_COMMENTS = YES;
				CLANG_WARN_EMPTY_BODY = YES;
				CLANG_WARN_ENUM_CONVERSION = YES;
				CLANG_WARN_INFINITE_RECURSION = YES;
				CLANG_WARN_INT_CONVERSION = YES;
				CLANG_WARN_NON_LITERAL_NULL_CONVERSION = YES;
				CLANG_WARN_OBJC_IMPLICIT_RETAIN_SELF = YES;
				CLANG_WARN_OBJC_LITERAL_CONVERSION = YES;
				CLANG_WARN_OBJC_ROOT_CLASS = YES_ERROR;
				CLANG_WARN_QUOTED_INCLUDE_IN_FRAMEWORK_HEADER = YES;
				CLANG_WARN_RANGE_LOOP_ANALYSIS = YES;
				CLANG_WARN_STRICT_PROTOTYPES = YES;
				CLANG_WARN_SUSPICIOUS_MOVE = YES;
				CLANG_WARN_UNGUARDED_AVAILABILITY = YES_AGGRESSIVE;
				CLANG_WARN_UNREACHABLE_CODE = YES;
				CLANG_WARN__DUPLICATE_METHOD_MATCH = YES;
				COPY_PHASE_STRIP = NO;
				DEBUG_INFORMATION_FORMAT = dwarf;
				ENABLE_STRICT_OBJC_MSGSEND = YES;
				ENABLE_TESTABILITY = YES;
				GCC_C_LANGUAGE_STANDARD = gnu11;
				GCC_DYNAMIC_NO_PIC = NO;
				GCC_NO_COMMON_BLOCKS = YES;
				GCC_OPTIMIZATION_LEVEL = 0;
				GCC_PREPROCESSOR_DEFINITIONS = (
					"DEBUG=1",
					"$(inherited)",
				);
				GCC_WARN_64_TO_32_BIT_CONVERSION = YES;
				GCC_WARN_ABOUT_RETURN_TYPE = YES_ERROR;
				GCC_WARN_UNDECLARED_SELECTOR = YES;
				GCC_WARN_UNINITIALIZED_AUTOS = YES_AGGRESSIVE;
				GCC_WARN_UNUSED_FUNCTION = YES;
				GCC_WARN_UNUSED_VARIABLE = YES;
				IPHONEOS_DEPLOYMENT_TARGET = 14.5;
				MTL_ENABLE_DEBUG_INFO = INCLUDE_SOURCE;
				MTL_FAST_MATH = YES;
				ONLY_ACTIVE_ARCH = YES;
				SDKROOT = iphoneos;
				SWIFT_ACTIVE_COMPILATION_CONDITIONS = DEBUG;
				SWIFT_OPTIMIZATION_LEVEL = "-Onone";
			};
			name = Debug;
		};
		88D0428A269FCD3B00C6B512 /* Release */ = {
			isa = XCBuildConfiguration;
			buildSettings = {
				ALWAYS_SEARCH_USER_PATHS = NO;
				CLANG_ANALYZER_NONNULL = YES;
				CLANG_ANALYZER_NUMBER_OBJECT_CONVERSION = YES_AGGRESSIVE;
				CLANG_CXX_LANGUAGE_STANDARD = "gnu++14";
				CLANG_CXX_LIBRARY = "libc++";
				CLANG_ENABLE_MODULES = YES;
				CLANG_ENABLE_OBJC_ARC = YES;
				CLANG_ENABLE_OBJC_WEAK = YES;
				CLANG_WARN_BLOCK_CAPTURE_AUTORELEASING = YES;
				CLANG_WARN_BOOL_CONVERSION = YES;
				CLANG_WARN_COMMA = YES;
				CLANG_WARN_CONSTANT_CONVERSION = YES;
				CLANG_WARN_DEPRECATED_OBJC_IMPLEMENTATIONS = YES;
				CLANG_WARN_DIRECT_OBJC_ISA_USAGE = YES_ERROR;
				CLANG_WARN_DOCUMENTATION_COMMENTS = YES;
				CLANG_WARN_EMPTY_BODY = YES;
				CLANG_WARN_ENUM_CONVERSION = YES;
				CLANG_WARN_INFINITE_RECURSION = YES;
				CLANG_WARN_INT_CONVERSION = YES;
				CLANG_WARN_NON_LITERAL_NULL_CONVERSION = YES;
				CLANG_WARN_OBJC_IMPLICIT_RETAIN_SELF = YES;
				CLANG_WARN_OBJC_LITERAL_CONVERSION = YES;
				CLANG_WARN_OBJC_ROOT_CLASS = YES_ERROR;
				CLANG_WARN_QUOTED_INCLUDE_IN_FRAMEWORK_HEADER = YES;
				CLANG_WARN_RANGE_LOOP_ANALYSIS = YES;
				CLANG_WARN_STRICT_PROTOTYPES = YES;
				CLANG_WARN_SUSPICIOUS_MOVE = YES;
				CLANG_WARN_UNGUARDED_AVAILABILITY = YES_AGGRESSIVE;
				CLANG_WARN_UNREACHABLE_CODE = YES;
				CLANG_WARN__DUPLICATE_METHOD_MATCH = YES;
				COPY_PHASE_STRIP = NO;
				DEBUG_INFORMATION_FORMAT = "dwarf-with-dsym";
				ENABLE_NS_ASSERTIONS = NO;
				ENABLE_STRICT_OBJC_MSGSEND = YES;
				GCC_C_LANGUAGE_STANDARD = gnu11;
				GCC_NO_COMMON_BLOCKS = YES;
				GCC_WARN_64_TO_32_BIT_CONVERSION = YES;
				GCC_WARN_ABOUT_RETURN_TYPE = YES_ERROR;
				GCC_WARN_UNDECLARED_SELECTOR = YES;
				GCC_WARN_UNINITIALIZED_AUTOS = YES_AGGRESSIVE;
				GCC_WARN_UNUSED_FUNCTION = YES;
				GCC_WARN_UNUSED_VARIABLE = YES;
				IPHONEOS_DEPLOYMENT_TARGET = 14.5;
				MTL_ENABLE_DEBUG_INFO = NO;
				MTL_FAST_MATH = YES;
				SDKROOT = iphoneos;
				SWIFT_COMPILATION_MODE = wholemodule;
				SWIFT_OPTIMIZATION_LEVEL = "-O";
				VALIDATE_PRODUCT = YES;
			};
			name = Release;
		};
		88D0428C269FCD3B00C6B512 /* Debug */ = {
			isa = XCBuildConfiguration;
			buildSettings = {
				ASSETCATALOG_COMPILER_APPICON_NAME = AppIcon;
				ASSETCATALOG_COMPILER_GLOBAL_ACCENT_COLOR_NAME = AccentColor;
				CODE_SIGN_STYLE = Automatic;
				DEVELOPMENT_TEAM = BW23NG98YR;
				INFOPLIST_FILE = "Lesson2 Bonus/Info.plist";
				LD_RUNPATH_SEARCH_PATHS = (
					"$(inherited)",
					"@executable_path/Frameworks",
				);
				PRODUCT_BUNDLE_IDENTIFIER = "com.AdityaaMehra.Lesson2-Bonus";
				PRODUCT_NAME = "$(TARGET_NAME)";
				SWIFT_VERSION = 5.0;
				TARGETED_DEVICE_FAMILY = "1,2";
			};
			name = Debug;
		};
		88D0428D269FCD3B00C6B512 /* Release */ = {
			isa = XCBuildConfiguration;
			buildSettings = {
				ASSETCATALOG_COMPILER_APPICON_NAME = AppIcon;
				ASSETCATALOG_COMPILER_GLOBAL_ACCENT_COLOR_NAME = AccentColor;
				CODE_SIGN_STYLE = Automatic;
				DEVELOPMENT_TEAM = BW23NG98YR;
				INFOPLIST_FILE = "Lesson2 Bonus/Info.plist";
				LD_RUNPATH_SEARCH_PATHS = (
					"$(inherited)",
					"@executable_path/Frameworks",
				);
				PRODUCT_BUNDLE_IDENTIFIER = "com.AdityaaMehra.Lesson2-Bonus";
				PRODUCT_NAME = "$(TARGET_NAME)";
				SWIFT_VERSION = 5.0;
				TARGETED_DEVICE_FAMILY = "1,2";
			};
			name = Release;
		};
/* End XCBuildConfiguration section */

/* Begin XCConfigurationList section */
		88D04272269FCD3A00C6B512 /* Build configuration list for PBXProject "Lesson2 Bonus" */ = {
			isa = XCConfigurationList;
			buildConfigurations = (
				88D04289269FCD3B00C6B512 /* Debug */,
				88D0428A269FCD3B00C6B512 /* Release */,
			);
			defaultConfigurationIsVisible = 0;
			defaultConfigurationName = Release;
		};
		88D0428B269FCD3B00C6B512 /* Build configuration list for PBXNativeTarget "Lesson2 Bonus" */ = {
			isa = XCConfigurationList;
			buildConfigurations = (
				88D0428C269FCD3B00C6B512 /* Debug */,
				88D0428D269FCD3B00C6B512 /* Release */,
			);
			defaultConfigurationIsVisible = 0;
			defaultConfigurationName = Release;
		};
/* End XCConfigurationList section */
	};
	rootObject = 88D0426F269FCD3A00C6B512 /* Project object */;
}
